
Microsoft Visual Studio Solution File, Format Version 10.00
# Visual Studio 2008
Project("{FAE04EC0-301F-11D3-BF4B-00C04F79EFBC}") = "pnpClosedLoop", "pnpClosedLoop\pnpClosedLoop.csproj", "{C92F5278-96E0-4E2D-9814-81FB69588D7B}"
EndProject
Project("{FAE04EC0-301F-11D3-BF4B-00C04F79EFBC}") = "BakkumExpt", "BakkumExpt\BakkumExpt.csproj", "{2FBD3066-367F-4B2E-8629-284971D9AF7D}"
EndProject
Project("{FAE04EC0-301F-11D3-BF4B-00C04F79EFBC}") = "SharanyaExperiments", "SharanyaExperiments\SharanyaExperiments.csproj", "{6E8664EA-3670-4E7D-97FB-921E519805A5}"
EndProject
Global
	GlobalSection(SolutionConfigurationPlatforms) = preSolution
		Debug|Any CPU = Debug|Any CPU
		Release|Any CPU = Release|Any CPU
	EndGlobalSection
	GlobalSection(ProjectConfigurationPlatforms) = postSolution
		{C92F5278-96E0-4E2D-9814-81FB69588D7B}.Debug|Any CPU.ActiveCfg = Debug|Any CPU
		{C92F5278-96E0-4E2D-9814-81FB69588D7B}.Debug|Any CPU.Build.0 = Debug|Any CPU
		{C92F5278-96E0-4E2D-9814-81FB69588D7B}.Release|Any CPU.ActiveCfg = Release|Any CPU
		{C92F5278-96E0-4E2D-9814-81FB69588D7B}.Release|Any CPU.Build.0 = Release|Any CPU
		{2FBD3066-367F-4B2E-8629-284971D9AF7D}.Debug|Any CPU.ActiveCfg = Debug|Any CPU
		{2FBD3066-367F-4B2E-8629-284971D9AF7D}.Debug|Any CPU.Build.0 = Debug|Any CPU
		{2FBD3066-367F-4B2E-8629-284971D9AF7D}.Release|Any CPU.ActiveCfg = Release|Any CPU
		{2FBD3066-367F-4B2E-8629-284971D9AF7D}.Release|Any CPU.Build.0 = Release|Any CPU
		{6E8664EA-3670-4E7D-97FB-921E519805A5}.Debug|Any CPU.ActiveCfg = Debug|Any CPU
		{6E8664EA-3670-4E7D-97FB-921E519805A5}.Debug|Any CPU.Build.0 = Debug|Any CPU
		{6E8664EA-3670-4E7D-97FB-921E519805A5}.Release|Any CPU.ActiveCfg = Release|Any CPU
		{6E8664EA-3670-4E7D-97FB-921E519805A5}.Release|Any CPU.Build.0 = Release|Any CPU
	EndGlobalSection
	GlobalSection(SolutionProperties) = preSolution
		HideSolutionNode = FALSE
	EndGlobalSection
EndGlobal
