
Microsoft Visual Studio Solution File, Format Version 10.00
# Visual Studio 2008
Project("{FAE04EC0-301F-11D3-BF4B-00C04F79EFBC}") = "NeuroRighter_05", "NeuroRighter_05.csproj", "{BB2A4100-DBDA-4A63-8708-8A7F9F6810E0}"
EndProject
Project("{FAE04EC0-301F-11D3-BF4B-00C04F79EFBC}") = "csmatio", "..\CSMatIO\src\csmatio.csproj", "{D6EB17BF-9074-484F-9950-E06169A3C39D}"
EndProject
Project("{54435603-DBB4-11D2-8724-00A0C9A8B90C}") = "NeuroRighter_v05_Setup", "..\NeuroRighter_v05_Setup\NeuroRighter_v05_Setup.vdproj", "{60B265CD-C068-4AB8-AEB1-803D5FB8778F}"
EndProject
Global
	GlobalSection(SubversionScc) = preSolution
		Svn-Managed = True
		Manager = AnkhSVN - Subversion Support for Visual Studio
	EndGlobalSection
	GlobalSection(SolutionConfigurationPlatforms) = preSolution
		Debug|Any CPU = Debug|Any CPU
		Release|Any CPU = Release|Any CPU
	EndGlobalSection
	GlobalSection(ProjectConfigurationPlatforms) = postSolution
		{BB2A4100-DBDA-4A63-8708-8A7F9F6810E0}.Debug|Any CPU.ActiveCfg = Debug|Any CPU
		{BB2A4100-DBDA-4A63-8708-8A7F9F6810E0}.Debug|Any CPU.Build.0 = Debug|Any CPU
		{BB2A4100-DBDA-4A63-8708-8A7F9F6810E0}.Release|Any CPU.ActiveCfg = Release|Any CPU
		{BB2A4100-DBDA-4A63-8708-8A7F9F6810E0}.Release|Any CPU.Build.0 = Release|Any CPU
		{D6EB17BF-9074-484F-9950-E06169A3C39D}.Debug|Any CPU.ActiveCfg = Debug|Any CPU
		{D6EB17BF-9074-484F-9950-E06169A3C39D}.Debug|Any CPU.Build.0 = Debug|Any CPU
		{D6EB17BF-9074-484F-9950-E06169A3C39D}.Release|Any CPU.ActiveCfg = Release|Any CPU
		{D6EB17BF-9074-484F-9950-E06169A3C39D}.Release|Any CPU.Build.0 = Release|Any CPU
		{60B265CD-C068-4AB8-AEB1-803D5FB8778F}.Debug|Any CPU.ActiveCfg = Debug
		{60B265CD-C068-4AB8-AEB1-803D5FB8778F}.Release|Any CPU.ActiveCfg = Release
	EndGlobalSection
	GlobalSection(SolutionProperties) = preSolution
		HideSolutionNode = FALSE
	EndGlobalSection
EndGlobal
