
Microsoft Visual Studio Solution File, Format Version 11.00
# Visual Studio 2010
Project("{FAE04EC0-301F-11D3-BF4B-00C04F79EFBC}") = "NeuroRighter", "NeuroRighter.csproj", "{BB2A4100-DBDA-4A63-8708-8A7F9F6810E0}"
EndProject
Project("{FAE04EC0-301F-11D3-BF4B-00C04F79EFBC}") = "csmatio", "..\csmatio\csmatio.csproj", "{D6EB17BF-9074-484F-9950-E06169A3C39D}"
EndProject
Project("{2150E333-8FDC-42A3-9474-1A3956D46DE8}") = "NRSpikeSort", "NRSpikeSort", "{1DAA161F-28EC-41F0-8EE9-DB075F729049}"
EndProject
Project("{FAE04EC0-301F-11D3-BF4B-00C04F79EFBC}") = "Accord.Core", "..\NRSpikeSort\Accord.Core\Accord.Core.csproj", "{A177A90C-8207-466A-AF70-F2B8452A42AC}"
EndProject
Project("{FAE04EC0-301F-11D3-BF4B-00C04F79EFBC}") = "Accord.MachineLearning", "..\NRSpikeSort\Accord.MachineLearning\Accord.MachineLearning.csproj", "{7AB4BBCC-6222-423D-9FF9-BA9CB7C09199}"
EndProject
Project("{FAE04EC0-301F-11D3-BF4B-00C04F79EFBC}") = "Accord.Math", "..\NRSpikeSort\Accord.Math\Accord.Math.csproj", "{F718E9A8-DB62-4785-8C49-4333A60D256A}"
EndProject
Project("{FAE04EC0-301F-11D3-BF4B-00C04F79EFBC}") = "Accord.Statistics", "..\NRSpikeSort\Accord.Statistics\Accord.Statistics.csproj", "{FD8101DD-C95D-42D6-AD44-AE01C25F2811}"
EndProject
Project("{FAE04EC0-301F-11D3-BF4B-00C04F79EFBC}") = "NRSpikeSort", "..\NRSpikeSort\NRSpikeSort\NRSpikeSort.csproj", "{DB1F126A-30AB-4530-B328-1987DEB4AA52}"
EndProject
Project("{FAE04EC0-301F-11D3-BF4B-00C04F79EFBC}") = "TwoChannelOptoBBController", "..\..\TwoChannelOptoBBController\TwoChannelOptoBBController\TwoChannelOptoBBController.csproj", "{B2237574-B3F1-4106-A40B-6015A1C66478}"
EndProject
Global
	GlobalSection(SolutionConfigurationPlatforms) = preSolution
		Debug|Any CPU = Debug|Any CPU
		Debug|Mixed Platforms = Debug|Mixed Platforms
		Debug|Win32 = Debug|Win32
		Debug|x64 = Debug|x64
		Debug|x86 = Debug|x86
		Debug|Xbox 360 = Debug|Xbox 360
		Debug|Zune = Debug|Zune
		Release|Any CPU = Release|Any CPU
		Release|Mixed Platforms = Release|Mixed Platforms
		Release|Win32 = Release|Win32
		Release|x64 = Release|x64
		Release|x86 = Release|x86
		Release|Xbox 360 = Release|Xbox 360
		Release|Zune = Release|Zune
	EndGlobalSection
	GlobalSection(ProjectConfigurationPlatforms) = postSolution
		{BB2A4100-DBDA-4A63-8708-8A7F9F6810E0}.Debug|Any CPU.ActiveCfg = Debug|Any CPU
		{BB2A4100-DBDA-4A63-8708-8A7F9F6810E0}.Debug|Any CPU.Build.0 = Debug|Any CPU
		{BB2A4100-DBDA-4A63-8708-8A7F9F6810E0}.Debug|Mixed Platforms.ActiveCfg = Debug|Any CPU
		{BB2A4100-DBDA-4A63-8708-8A7F9F6810E0}.Debug|Mixed Platforms.Build.0 = Debug|Any CPU
		{BB2A4100-DBDA-4A63-8708-8A7F9F6810E0}.Debug|Win32.ActiveCfg = Debug|Any CPU
		{BB2A4100-DBDA-4A63-8708-8A7F9F6810E0}.Debug|x64.ActiveCfg = Debug|Any CPU
		{BB2A4100-DBDA-4A63-8708-8A7F9F6810E0}.Debug|x86.ActiveCfg = Debug|Any CPU
		{BB2A4100-DBDA-4A63-8708-8A7F9F6810E0}.Debug|Xbox 360.ActiveCfg = Debug|Any CPU
		{BB2A4100-DBDA-4A63-8708-8A7F9F6810E0}.Debug|Zune.ActiveCfg = Debug|Any CPU
		{BB2A4100-DBDA-4A63-8708-8A7F9F6810E0}.Release|Any CPU.ActiveCfg = Release|Any CPU
		{BB2A4100-DBDA-4A63-8708-8A7F9F6810E0}.Release|Any CPU.Build.0 = Release|Any CPU
		{BB2A4100-DBDA-4A63-8708-8A7F9F6810E0}.Release|Mixed Platforms.ActiveCfg = Release|Any CPU
		{BB2A4100-DBDA-4A63-8708-8A7F9F6810E0}.Release|Mixed Platforms.Build.0 = Release|Any CPU
		{BB2A4100-DBDA-4A63-8708-8A7F9F6810E0}.Release|Win32.ActiveCfg = Release|Any CPU
		{BB2A4100-DBDA-4A63-8708-8A7F9F6810E0}.Release|x64.ActiveCfg = Release|Any CPU
		{BB2A4100-DBDA-4A63-8708-8A7F9F6810E0}.Release|x86.ActiveCfg = Release|Any CPU
		{BB2A4100-DBDA-4A63-8708-8A7F9F6810E0}.Release|Xbox 360.ActiveCfg = Release|Any CPU
		{BB2A4100-DBDA-4A63-8708-8A7F9F6810E0}.Release|Zune.ActiveCfg = Release|Any CPU
		{D6EB17BF-9074-484F-9950-E06169A3C39D}.Debug|Any CPU.ActiveCfg = Debug|Any CPU
		{D6EB17BF-9074-484F-9950-E06169A3C39D}.Debug|Any CPU.Build.0 = Debug|Any CPU
		{D6EB17BF-9074-484F-9950-E06169A3C39D}.Debug|Mixed Platforms.ActiveCfg = Debug|Any CPU
		{D6EB17BF-9074-484F-9950-E06169A3C39D}.Debug|Mixed Platforms.Build.0 = Debug|Any CPU
		{D6EB17BF-9074-484F-9950-E06169A3C39D}.Debug|Win32.ActiveCfg = Debug|Any CPU
		{D6EB17BF-9074-484F-9950-E06169A3C39D}.Debug|x64.ActiveCfg = Debug|Any CPU
		{D6EB17BF-9074-484F-9950-E06169A3C39D}.Debug|x86.ActiveCfg = Debug|Any CPU
		{D6EB17BF-9074-484F-9950-E06169A3C39D}.Debug|Xbox 360.ActiveCfg = Debug|Any CPU
		{D6EB17BF-9074-484F-9950-E06169A3C39D}.Debug|Zune.ActiveCfg = Debug|Any CPU
		{D6EB17BF-9074-484F-9950-E06169A3C39D}.Release|Any CPU.ActiveCfg = Release|Any CPU
		{D6EB17BF-9074-484F-9950-E06169A3C39D}.Release|Any CPU.Build.0 = Release|Any CPU
		{D6EB17BF-9074-484F-9950-E06169A3C39D}.Release|Mixed Platforms.ActiveCfg = Release|Any CPU
		{D6EB17BF-9074-484F-9950-E06169A3C39D}.Release|Mixed Platforms.Build.0 = Release|Any CPU
		{D6EB17BF-9074-484F-9950-E06169A3C39D}.Release|Win32.ActiveCfg = Release|Any CPU
		{D6EB17BF-9074-484F-9950-E06169A3C39D}.Release|x64.ActiveCfg = Release|Any CPU
		{D6EB17BF-9074-484F-9950-E06169A3C39D}.Release|x86.ActiveCfg = Release|Any CPU
		{D6EB17BF-9074-484F-9950-E06169A3C39D}.Release|Xbox 360.ActiveCfg = Release|Any CPU
		{D6EB17BF-9074-484F-9950-E06169A3C39D}.Release|Zune.ActiveCfg = Release|Any CPU
		{A177A90C-8207-466A-AF70-F2B8452A42AC}.Debug|Any CPU.ActiveCfg = Debug|Any CPU
		{A177A90C-8207-466A-AF70-F2B8452A42AC}.Debug|Any CPU.Build.0 = Debug|Any CPU
		{A177A90C-8207-466A-AF70-F2B8452A42AC}.Debug|Mixed Platforms.ActiveCfg = Debug|Any CPU
		{A177A90C-8207-466A-AF70-F2B8452A42AC}.Debug|Mixed Platforms.Build.0 = Debug|Any CPU
		{A177A90C-8207-466A-AF70-F2B8452A42AC}.Debug|Win32.ActiveCfg = Debug|Any CPU
		{A177A90C-8207-466A-AF70-F2B8452A42AC}.Debug|x64.ActiveCfg = Debug|Any CPU
		{A177A90C-8207-466A-AF70-F2B8452A42AC}.Debug|x86.ActiveCfg = Debug|Any CPU
		{A177A90C-8207-466A-AF70-F2B8452A42AC}.Debug|Xbox 360.ActiveCfg = Debug|Any CPU
		{A177A90C-8207-466A-AF70-F2B8452A42AC}.Debug|Zune.ActiveCfg = Debug|Any CPU
		{A177A90C-8207-466A-AF70-F2B8452A42AC}.Release|Any CPU.ActiveCfg = Release|Any CPU
		{A177A90C-8207-466A-AF70-F2B8452A42AC}.Release|Any CPU.Build.0 = Release|Any CPU
		{A177A90C-8207-466A-AF70-F2B8452A42AC}.Release|Mixed Platforms.ActiveCfg = Release|Any CPU
		{A177A90C-8207-466A-AF70-F2B8452A42AC}.Release|Mixed Platforms.Build.0 = Release|Any CPU
		{A177A90C-8207-466A-AF70-F2B8452A42AC}.Release|Win32.ActiveCfg = Release|Any CPU
		{A177A90C-8207-466A-AF70-F2B8452A42AC}.Release|x64.ActiveCfg = Release|Any CPU
		{A177A90C-8207-466A-AF70-F2B8452A42AC}.Release|x86.ActiveCfg = Release|Any CPU
		{A177A90C-8207-466A-AF70-F2B8452A42AC}.Release|Xbox 360.ActiveCfg = Release|Any CPU
		{A177A90C-8207-466A-AF70-F2B8452A42AC}.Release|Zune.ActiveCfg = Release|Any CPU
		{7AB4BBCC-6222-423D-9FF9-BA9CB7C09199}.Debug|Any CPU.ActiveCfg = Debug|Any CPU
		{7AB4BBCC-6222-423D-9FF9-BA9CB7C09199}.Debug|Any CPU.Build.0 = Debug|Any CPU
		{7AB4BBCC-6222-423D-9FF9-BA9CB7C09199}.Debug|Mixed Platforms.ActiveCfg = Debug|Any CPU
		{7AB4BBCC-6222-423D-9FF9-BA9CB7C09199}.Debug|Mixed Platforms.Build.0 = Debug|Any CPU
		{7AB4BBCC-6222-423D-9FF9-BA9CB7C09199}.Debug|Win32.ActiveCfg = Debug|Any CPU
		{7AB4BBCC-6222-423D-9FF9-BA9CB7C09199}.Debug|x64.ActiveCfg = Debug|Any CPU
		{7AB4BBCC-6222-423D-9FF9-BA9CB7C09199}.Debug|x86.ActiveCfg = Debug|Any CPU
		{7AB4BBCC-6222-423D-9FF9-BA9CB7C09199}.Debug|Xbox 360.ActiveCfg = Debug|Any CPU
		{7AB4BBCC-6222-423D-9FF9-BA9CB7C09199}.Debug|Zune.ActiveCfg = Debug|Any CPU
		{7AB4BBCC-6222-423D-9FF9-BA9CB7C09199}.Release|Any CPU.ActiveCfg = Release|Any CPU
		{7AB4BBCC-6222-423D-9FF9-BA9CB7C09199}.Release|Any CPU.Build.0 = Release|Any CPU
		{7AB4BBCC-6222-423D-9FF9-BA9CB7C09199}.Release|Mixed Platforms.ActiveCfg = Release|Any CPU
		{7AB4BBCC-6222-423D-9FF9-BA9CB7C09199}.Release|Mixed Platforms.Build.0 = Release|Any CPU
		{7AB4BBCC-6222-423D-9FF9-BA9CB7C09199}.Release|Win32.ActiveCfg = Release|Any CPU
		{7AB4BBCC-6222-423D-9FF9-BA9CB7C09199}.Release|x64.ActiveCfg = Release|Any CPU
		{7AB4BBCC-6222-423D-9FF9-BA9CB7C09199}.Release|x86.ActiveCfg = Release|Any CPU
		{7AB4BBCC-6222-423D-9FF9-BA9CB7C09199}.Release|Xbox 360.ActiveCfg = Release|Any CPU
		{7AB4BBCC-6222-423D-9FF9-BA9CB7C09199}.Release|Zune.ActiveCfg = Release|Any CPU
		{F718E9A8-DB62-4785-8C49-4333A60D256A}.Debug|Any CPU.ActiveCfg = Debug|Any CPU
		{F718E9A8-DB62-4785-8C49-4333A60D256A}.Debug|Any CPU.Build.0 = Debug|Any CPU
		{F718E9A8-DB62-4785-8C49-4333A60D256A}.Debug|Mixed Platforms.ActiveCfg = Debug|Any CPU
		{F718E9A8-DB62-4785-8C49-4333A60D256A}.Debug|Mixed Platforms.Build.0 = Debug|Any CPU
		{F718E9A8-DB62-4785-8C49-4333A60D256A}.Debug|Win32.ActiveCfg = Debug|Any CPU
		{F718E9A8-DB62-4785-8C49-4333A60D256A}.Debug|x64.ActiveCfg = Debug|Any CPU
		{F718E9A8-DB62-4785-8C49-4333A60D256A}.Debug|x86.ActiveCfg = Debug|Any CPU
		{F718E9A8-DB62-4785-8C49-4333A60D256A}.Debug|Xbox 360.ActiveCfg = Debug|Any CPU
		{F718E9A8-DB62-4785-8C49-4333A60D256A}.Debug|Zune.ActiveCfg = Debug|Any CPU
		{F718E9A8-DB62-4785-8C49-4333A60D256A}.Release|Any CPU.ActiveCfg = Release|Any CPU
		{F718E9A8-DB62-4785-8C49-4333A60D256A}.Release|Any CPU.Build.0 = Release|Any CPU
		{F718E9A8-DB62-4785-8C49-4333A60D256A}.Release|Mixed Platforms.ActiveCfg = Release|Any CPU
		{F718E9A8-DB62-4785-8C49-4333A60D256A}.Release|Mixed Platforms.Build.0 = Release|Any CPU
		{F718E9A8-DB62-4785-8C49-4333A60D256A}.Release|Win32.ActiveCfg = Release|Any CPU
		{F718E9A8-DB62-4785-8C49-4333A60D256A}.Release|x64.ActiveCfg = Release|Any CPU
		{F718E9A8-DB62-4785-8C49-4333A60D256A}.Release|x86.ActiveCfg = Release|Any CPU
		{F718E9A8-DB62-4785-8C49-4333A60D256A}.Release|Xbox 360.ActiveCfg = Release|Any CPU
		{F718E9A8-DB62-4785-8C49-4333A60D256A}.Release|Zune.ActiveCfg = Release|Any CPU
		{FD8101DD-C95D-42D6-AD44-AE01C25F2811}.Debug|Any CPU.ActiveCfg = Debug|Any CPU
		{FD8101DD-C95D-42D6-AD44-AE01C25F2811}.Debug|Any CPU.Build.0 = Debug|Any CPU
		{FD8101DD-C95D-42D6-AD44-AE01C25F2811}.Debug|Mixed Platforms.ActiveCfg = Debug|Any CPU
		{FD8101DD-C95D-42D6-AD44-AE01C25F2811}.Debug|Mixed Platforms.Build.0 = Debug|Any CPU
		{FD8101DD-C95D-42D6-AD44-AE01C25F2811}.Debug|Win32.ActiveCfg = Debug|Any CPU
		{FD8101DD-C95D-42D6-AD44-AE01C25F2811}.Debug|x64.ActiveCfg = Debug|Any CPU
		{FD8101DD-C95D-42D6-AD44-AE01C25F2811}.Debug|x86.ActiveCfg = Debug|Any CPU
		{FD8101DD-C95D-42D6-AD44-AE01C25F2811}.Debug|Xbox 360.ActiveCfg = Debug|Any CPU
		{FD8101DD-C95D-42D6-AD44-AE01C25F2811}.Debug|Zune.ActiveCfg = Debug|Any CPU
		{FD8101DD-C95D-42D6-AD44-AE01C25F2811}.Release|Any CPU.ActiveCfg = Release|Any CPU
		{FD8101DD-C95D-42D6-AD44-AE01C25F2811}.Release|Any CPU.Build.0 = Release|Any CPU
		{FD8101DD-C95D-42D6-AD44-AE01C25F2811}.Release|Mixed Platforms.ActiveCfg = Release|Any CPU
		{FD8101DD-C95D-42D6-AD44-AE01C25F2811}.Release|Mixed Platforms.Build.0 = Release|Any CPU
		{FD8101DD-C95D-42D6-AD44-AE01C25F2811}.Release|Win32.ActiveCfg = Release|Any CPU
		{FD8101DD-C95D-42D6-AD44-AE01C25F2811}.Release|x64.ActiveCfg = Release|Any CPU
		{FD8101DD-C95D-42D6-AD44-AE01C25F2811}.Release|x86.ActiveCfg = Release|Any CPU
		{FD8101DD-C95D-42D6-AD44-AE01C25F2811}.Release|Xbox 360.ActiveCfg = Release|Any CPU
		{FD8101DD-C95D-42D6-AD44-AE01C25F2811}.Release|Zune.ActiveCfg = Release|Any CPU
		{DB1F126A-30AB-4530-B328-1987DEB4AA52}.Debug|Any CPU.ActiveCfg = Debug|Any CPU
		{DB1F126A-30AB-4530-B328-1987DEB4AA52}.Debug|Any CPU.Build.0 = Debug|Any CPU
		{DB1F126A-30AB-4530-B328-1987DEB4AA52}.Debug|Mixed Platforms.ActiveCfg = Debug|Any CPU
		{DB1F126A-30AB-4530-B328-1987DEB4AA52}.Debug|Mixed Platforms.Build.0 = Debug|Any CPU
		{DB1F126A-30AB-4530-B328-1987DEB4AA52}.Debug|Win32.ActiveCfg = Debug|Any CPU
		{DB1F126A-30AB-4530-B328-1987DEB4AA52}.Debug|x64.ActiveCfg = Debug|Any CPU
		{DB1F126A-30AB-4530-B328-1987DEB4AA52}.Debug|x86.ActiveCfg = Debug|Any CPU
		{DB1F126A-30AB-4530-B328-1987DEB4AA52}.Debug|Xbox 360.ActiveCfg = Debug|Any CPU
		{DB1F126A-30AB-4530-B328-1987DEB4AA52}.Debug|Zune.ActiveCfg = Debug|Any CPU
		{DB1F126A-30AB-4530-B328-1987DEB4AA52}.Release|Any CPU.ActiveCfg = Release|Any CPU
		{DB1F126A-30AB-4530-B328-1987DEB4AA52}.Release|Any CPU.Build.0 = Release|Any CPU
		{DB1F126A-30AB-4530-B328-1987DEB4AA52}.Release|Mixed Platforms.ActiveCfg = Release|Any CPU
		{DB1F126A-30AB-4530-B328-1987DEB4AA52}.Release|Mixed Platforms.Build.0 = Release|Any CPU
		{DB1F126A-30AB-4530-B328-1987DEB4AA52}.Release|Win32.ActiveCfg = Release|Any CPU
		{DB1F126A-30AB-4530-B328-1987DEB4AA52}.Release|x64.ActiveCfg = Release|Any CPU
		{DB1F126A-30AB-4530-B328-1987DEB4AA52}.Release|x86.ActiveCfg = Release|Any CPU
		{DB1F126A-30AB-4530-B328-1987DEB4AA52}.Release|Xbox 360.ActiveCfg = Release|Any CPU
		{DB1F126A-30AB-4530-B328-1987DEB4AA52}.Release|Zune.ActiveCfg = Release|Any CPU
		{B2237574-B3F1-4106-A40B-6015A1C66478}.Debug|Any CPU.ActiveCfg = Debug|Any CPU
		{B2237574-B3F1-4106-A40B-6015A1C66478}.Debug|Any CPU.Build.0 = Debug|Any CPU
		{B2237574-B3F1-4106-A40B-6015A1C66478}.Debug|Mixed Platforms.ActiveCfg = Debug|Any CPU
		{B2237574-B3F1-4106-A40B-6015A1C66478}.Debug|Mixed Platforms.Build.0 = Debug|Any CPU
		{B2237574-B3F1-4106-A40B-6015A1C66478}.Debug|Win32.ActiveCfg = Debug|Any CPU
		{B2237574-B3F1-4106-A40B-6015A1C66478}.Debug|x64.ActiveCfg = Debug|Any CPU
		{B2237574-B3F1-4106-A40B-6015A1C66478}.Debug|x86.ActiveCfg = Debug|Any CPU
		{B2237574-B3F1-4106-A40B-6015A1C66478}.Debug|Xbox 360.ActiveCfg = Debug|Any CPU
		{B2237574-B3F1-4106-A40B-6015A1C66478}.Debug|Zune.ActiveCfg = Debug|Any CPU
		{B2237574-B3F1-4106-A40B-6015A1C66478}.Release|Any CPU.ActiveCfg = Release|Any CPU
		{B2237574-B3F1-4106-A40B-6015A1C66478}.Release|Any CPU.Build.0 = Release|Any CPU
		{B2237574-B3F1-4106-A40B-6015A1C66478}.Release|Mixed Platforms.ActiveCfg = Release|Any CPU
		{B2237574-B3F1-4106-A40B-6015A1C66478}.Release|Mixed Platforms.Build.0 = Release|Any CPU
		{B2237574-B3F1-4106-A40B-6015A1C66478}.Release|Win32.ActiveCfg = Release|Any CPU
		{B2237574-B3F1-4106-A40B-6015A1C66478}.Release|x64.ActiveCfg = Release|Any CPU
		{B2237574-B3F1-4106-A40B-6015A1C66478}.Release|x86.ActiveCfg = Release|Any CPU
		{B2237574-B3F1-4106-A40B-6015A1C66478}.Release|Xbox 360.ActiveCfg = Release|Any CPU
		{B2237574-B3F1-4106-A40B-6015A1C66478}.Release|Zune.ActiveCfg = Release|Any CPU
	EndGlobalSection
	GlobalSection(SolutionProperties) = preSolution
		HideSolutionNode = FALSE
	EndGlobalSection
	GlobalSection(NestedProjects) = preSolution
		{A177A90C-8207-466A-AF70-F2B8452A42AC} = {1DAA161F-28EC-41F0-8EE9-DB075F729049}
		{7AB4BBCC-6222-423D-9FF9-BA9CB7C09199} = {1DAA161F-28EC-41F0-8EE9-DB075F729049}
		{F718E9A8-DB62-4785-8C49-4333A60D256A} = {1DAA161F-28EC-41F0-8EE9-DB075F729049}
		{FD8101DD-C95D-42D6-AD44-AE01C25F2811} = {1DAA161F-28EC-41F0-8EE9-DB075F729049}
		{DB1F126A-30AB-4530-B328-1987DEB4AA52} = {1DAA161F-28EC-41F0-8EE9-DB075F729049}
	EndGlobalSection
	GlobalSection(SubversionScc) = preSolution
		Svn-Managed = True
		Manager = AnkhSVN - Subversion Support for Visual Studio
	EndGlobalSection
EndGlobal
